// !$*UTF8*$!
{
	archiveVersion = 1;
	classes = {
	};
	objectVersion = 46;
	objects = {

/* Begin PBXBuildFile section */
		F1E8AE2318C0AD7700E494F3 /* Foundation.framework in Frameworks */ = {isa = PBXBuildFile; fileRef = F1E8AE2218C0AD7700E494F3 /* Foundation.framework */; };
		F1E8AE2518C0AD7700E494F3 /* CoreGraphics.framework in Frameworks */ = {isa = PBXBuildFile; fileRef = F1E8AE2418C0AD7700E494F3 /* CoreGraphics.framework */; };
		F1E8AE2718C0AD7700E494F3 /* UIKit.framework in Frameworks */ = {isa = PBXBuildFile; fileRef = F1E8AE2618C0AD7700E494F3 /* UIKit.framework */; };
		F1E8AE2D18C0AD7800E494F3 /* InfoPlist.strings in Resources */ = {isa = PBXBuildFile; fileRef = F1E8AE2B18C0AD7800E494F3 /* InfoPlist.strings */; };
		F1E8AE2F18C0AD7800E494F3 /* main.m in Sources */ = {isa = PBXBuildFile; fileRef = F1E8AE2E18C0AD7800E494F3 /* main.m */; };
		F1E8AE3318C0AD7800E494F3 /* AppDelegate.m in Sources */ = {isa = PBXBuildFile; fileRef = F1E8AE3218C0AD7800E494F3 /* AppDelegate.m */; };
		F1E8AE3618C0AD7800E494F3 /* Main_iPhone.storyboard in Resources */ = {isa = PBXBuildFile; fileRef = F1E8AE3418C0AD7800E494F3 /* Main_iPhone.storyboard */; };
		F1E8AE3918C0AD7800E494F3 /* Main_iPad.storyboard in Resources */ = {isa = PBXBuildFile; fileRef = F1E8AE3718C0AD7800E494F3 /* Main_iPad.storyboard */; };
		F1E8AE3C18C0AD7800E494F3 /* ViewController.m in Sources */ = {isa = PBXBuildFile; fileRef = F1E8AE3B18C0AD7800E494F3 /* ViewController.m */; };
		F1E8AE3E18C0AD7800E494F3 /* Images.xcassets in Resources */ = {isa = PBXBuildFile; fileRef = F1E8AE3D18C0AD7800E494F3 /* Images.xcassets */; };
		F1E8AE4518C0AD7800E494F3 /* XCTest.framework in Frameworks */ = {isa = PBXBuildFile; fileRef = F1E8AE4418C0AD7800E494F3 /* XCTest.framework */; };
		F1E8AE4618C0AD7800E494F3 /* Foundation.framework in Frameworks */ = {isa = PBXBuildFile; fileRef = F1E8AE2218C0AD7700E494F3 /* Foundation.framework */; };
		F1E8AE4718C0AD7800E494F3 /* UIKit.framework in Frameworks */ = {isa = PBXBuildFile; fileRef = F1E8AE2618C0AD7700E494F3 /* UIKit.framework */; };
		F1E8AE4F18C0AD7800E494F3 /* InfoPlist.strings in Resources */ = {isa = PBXBuildFile; fileRef = F1E8AE4D18C0AD7800E494F3 /* InfoPlist.strings */; };
		F1E8AE5118C0AD7800E494F3 /* TTPAutoCompleteViewTests.m in Sources */ = {isa = PBXBuildFile; fileRef = F1E8AE5018C0AD7800E494F3 /* TTPAutoCompleteViewTests.m */; };
/* End PBXBuildFile section */

/* Begin PBXContainerItemProxy section */
		F1E8AE4818C0AD7800E494F3 /* PBXContainerItemProxy */ = {
			isa = PBXContainerItemProxy;
			containerPortal = F1E8AE1718C0AD7700E494F3 /* Project object */;
			proxyType = 1;
			remoteGlobalIDString = F1E8AE1E18C0AD7700E494F3;
			remoteInfo = TTPAutoCompleteView;
		};
/* End PBXContainerItemProxy section */

/* Begin PBXFileReference section */
		F1E8AE1F18C0AD7700E494F3 /* TTPAutoCompleteView.app */ = {isa = PBXFileReference; explicitFileType = wrapper.application; includeInIndex = 0; path = TTPAutoCompleteView.app; sourceTree = BUILT_PRODUCTS_DIR; };
		F1E8AE2218C0AD7700E494F3 /* Foundation.framework */ = {isa = PBXFileReference; lastKnownFileType = wrapper.framework; name = Foundation.framework; path = System/Library/Frameworks/Foundation.framework; sourceTree = SDKROOT; };
		F1E8AE2418C0AD7700E494F3 /* CoreGraphics.framework */ = {isa = PBXFileReference; lastKnownFileType = wrapper.framework; name = CoreGraphics.framework; path = System/Library/Frameworks/CoreGraphics.framework; sourceTree = SDKROOT; };
		F1E8AE2618C0AD7700E494F3 /* UIKit.framework */ = {isa = PBXFileReference; lastKnownFileType = wrapper.framework; name = UIKit.framework; path = System/Library/Frameworks/UIKit.framework; sourceTree = SDKROOT; };
		F1E8AE2A18C0AD7700E494F3 /* TTPAutoCompleteView-Info.plist */ = {isa = PBXFileReference; lastKnownFileType = text.plist.xml; path = "TTPAutoCompleteView-Info.plist"; sourceTree = "<group>"; };
		F1E8AE2C18C0AD7800E494F3 /* en */ = {isa = PBXFileReference; lastKnownFileType = text.plist.strings; name = en; path = en.lproj/InfoPlist.strings; sourceTree = "<group>"; };
		F1E8AE2E18C0AD7800E494F3 /* main.m */ = {isa = PBXFileReference; lastKnownFileType = sourcecode.c.objc; path = main.m; sourceTree = "<group>"; };
		F1E8AE3018C0AD7800E494F3 /* TTPAutoCompleteView-Prefix.pch */ = {isa = PBXFileReference; lastKnownFileType = sourcecode.c.h; path = "TTPAutoCompleteView-Prefix.pch"; sourceTree = "<group>"; };
		F1E8AE3118C0AD7800E494F3 /* AppDelegate.h */ = {isa = PBXFileReference; lastKnownFileType = sourcecode.c.h; path = AppDelegate.h; sourceTree = "<group>"; };
		F1E8AE3218C0AD7800E494F3 /* AppDelegate.m */ = {isa = PBXFileReference; lastKnownFileType = sourcecode.c.objc; path = AppDelegate.m; sourceTree = "<group>"; };
		F1E8AE3518C0AD7800E494F3 /* Base */ = {isa = PBXFileReference; lastKnownFileType = file.storyboard; name = Base; path = Base.lproj/Main_iPhone.storyboard; sourceTree = "<group>"; };
		F1E8AE3818C0AD7800E494F3 /* Base */ = {isa = PBXFileReference; lastKnownFileType = file.storyboard; name = Base; path = Base.lproj/Main_iPad.storyboard; sourceTree = "<group>"; };
		F1E8AE3A18C0AD7800E494F3 /* ViewController.h */ = {isa = PBXFileReference; lastKnownFileType = sourcecode.c.h; path = ViewController.h; sourceTree = "<group>"; };
		F1E8AE3B18C0AD7800E494F3 /* ViewController.m */ = {isa = PBXFileReference; lastKnownFileType = sourcecode.c.objc; path = ViewController.m; sourceTree = "<group>"; };
		F1E8AE3D18C0AD7800E494F3 /* Images.xcassets */ = {isa = PBXFileReference; lastKnownFileType = folder.assetcatalog; path = Images.xcassets; sourceTree = "<group>"; };
		F1E8AE4318C0AD7800E494F3 /* TTPAutoCompleteViewTests.xctest */ = {isa = PBXFileReference; explicitFileType = wrapper.cfbundle; includeInIndex = 0; path = TTPAutoCompleteViewTests.xctest; sourceTree = BUILT_PRODUCTS_DIR; };
		F1E8AE4418C0AD7800E494F3 /* XCTest.framework */ = {isa = PBXFileReference; lastKnownFileType = wrapper.framework; name = XCTest.framework; path = Library/Frameworks/XCTest.framework; sourceTree = DEVELOPER_DIR; };
		F1E8AE4C18C0AD7800E494F3 /* TTPAutoCompleteViewTests-Info.plist */ = {isa = PBXFileReference; lastKnownFileType = text.plist.xml; path = "TTPAutoCompleteViewTests-Info.plist"; sourceTree = "<group>"; };
		F1E8AE4E18C0AD7800E494F3 /* en */ = {isa = PBXFileReference; lastKnownFileType = text.plist.strings; name = en; path = en.lproj/InfoPlist.strings; sourceTree = "<group>"; };
		F1E8AE5018C0AD7800E494F3 /* TTPAutoCompleteViewTests.m */ = {isa = PBXFileReference; lastKnownFileType = sourcecode.c.objc; path = TTPAutoCompleteViewTests.m; sourceTree = "<group>"; };
/* End PBXFileReference section */

/* Begin PBXFrameworksBuildPhase section */
		F1E8AE1C18C0AD7700E494F3 /* Frameworks */ = {
			isa = PBXFrameworksBuildPhase;
			buildActionMask = 2147483647;
			files = (
				F1E8AE2518C0AD7700E494F3 /* CoreGraphics.framework in Frameworks */,
				F1E8AE2718C0AD7700E494F3 /* UIKit.framework in Frameworks */,
				F1E8AE2318C0AD7700E494F3 /* Foundation.framework in Frameworks */,
			);
			runOnlyForDeploymentPostprocessing = 0;
		};
		F1E8AE4018C0AD7800E494F3 /* Frameworks */ = {
			isa = PBXFrameworksBuildPhase;
			buildActionMask = 2147483647;
			files = (
				F1E8AE4518C0AD7800E494F3 /* XCTest.framework in Frameworks */,
				F1E8AE4718C0AD7800E494F3 /* UIKit.framework in Frameworks */,
				F1E8AE4618C0AD7800E494F3 /* Foundation.framework in Frameworks */,
			);
			runOnlyForDeploymentPostprocessing = 0;
		};
/* End PBXFrameworksBuildPhase section */

/* Begin PBXGroup section */
		F1E8AE1618C0AD7700E494F3 = {
			isa = PBXGroup;
			children = (
				F1E8AE2818C0AD7700E494F3 /* TTPAutoCompleteView */,
				F1E8AE4A18C0AD7800E494F3 /* TTPAutoCompleteViewTests */,
				F1E8AE2118C0AD7700E494F3 /* Frameworks */,
				F1E8AE2018C0AD7700E494F3 /* Products */,
			);
			sourceTree = "<group>";
		};
		F1E8AE2018C0AD7700E494F3 /* Products */ = {
			isa = PBXGroup;
			children = (
				F1E8AE1F18C0AD7700E494F3 /* TTPAutoCompleteView.app */,
				F1E8AE4318C0AD7800E494F3 /* TTPAutoCompleteViewTests.xctest */,
			);
			name = Products;
			sourceTree = "<group>";
		};
		F1E8AE2118C0AD7700E494F3 /* Frameworks */ = {
			isa = PBXGroup;
			children = (
				F1E8AE2218C0AD7700E494F3 /* Foundation.framework */,
				F1E8AE2418C0AD7700E494F3 /* CoreGraphics.framework */,
				F1E8AE2618C0AD7700E494F3 /* UIKit.framework */,
				F1E8AE4418C0AD7800E494F3 /* XCTest.framework */,
			);
			name = Frameworks;
			sourceTree = "<group>";
		};
		F1E8AE2818C0AD7700E494F3 /* TTPAutoCompleteView */ = {
			isa = PBXGroup;
			children = (
				F1E8AE3118C0AD7800E494F3 /* AppDelegate.h */,
				F1E8AE3218C0AD7800E494F3 /* AppDelegate.m */,
				F1E8AE3418C0AD7800E494F3 /* Main_iPhone.storyboard */,
				F1E8AE3718C0AD7800E494F3 /* Main_iPad.storyboard */,
				F1E8AE3A18C0AD7800E494F3 /* ViewController.h */,
				F1E8AE3B18C0AD7800E494F3 /* ViewController.m */,
				F1E8AE3D18C0AD7800E494F3 /* Images.xcassets */,
				F1E8AE2918C0AD7700E494F3 /* Supporting Files */,
			);
			path = TTPAutoCompleteView;
			sourceTree = "<group>";
		};
		F1E8AE2918C0AD7700E494F3 /* Supporting Files */ = {
			isa = PBXGroup;
			children = (
				F1E8AE2A18C0AD7700E494F3 /* TTPAutoCompleteView-Info.plist */,
				F1E8AE2B18C0AD7800E494F3 /* InfoPlist.strings */,
				F1E8AE2E18C0AD7800E494F3 /* main.m */,
				F1E8AE3018C0AD7800E494F3 /* TTPAutoCompleteView-Prefix.pch */,
			);
			name = "Supporting Files";
			sourceTree = "<group>";
		};
		F1E8AE4A18C0AD7800E494F3 /* TTPAutoCompleteViewTests */ = {
			isa = PBXGroup;
			children = (
				F1E8AE5018C0AD7800E494F3 /* TTPAutoCompleteViewTests.m */,
				F1E8AE4B18C0AD7800E494F3 /* Supporting Files */,
			);
			path = TTPAutoCompleteViewTests;
			sourceTree = "<group>";
		};
		F1E8AE4B18C0AD7800E494F3 /* Supporting Files */ = {
			isa = PBXGroup;
			children = (
				F1E8AE4C18C0AD7800E494F3 /* TTPAutoCompleteViewTests-Info.plist */,
				F1E8AE4D18C0AD7800E494F3 /* InfoPlist.strings */,
			);
			name = "Supporting Files";
			sourceTree = "<group>";
		};
/* End PBXGroup section */

/* Begin PBXNativeTarget section */
		F1E8AE1E18C0AD7700E494F3 /* TTPAutoCompleteView */ = {
			isa = PBXNativeTarget;
			buildConfigurationList = F1E8AE5418C0AD7800E494F3 /* Build configuration list for PBXNativeTarget "TTPAutoCompleteView" */;
			buildPhases = (
				F1E8AE1B18C0AD7700E494F3 /* Sources */,
				F1E8AE1C18C0AD7700E494F3 /* Frameworks */,
				F1E8AE1D18C0AD7700E494F3 /* Resources */,
			);
			buildRules = (
			);
			dependencies = (
			);
			name = TTPAutoCompleteView;
			productName = TTPAutoCompleteView;
			productReference = F1E8AE1F18C0AD7700E494F3 /* TTPAutoCompleteView.app */;
			productType = "com.apple.product-type.application";
		};
		F1E8AE4218C0AD7800E494F3 /* TTPAutoCompleteViewTests */ = {
			isa = PBXNativeTarget;
			buildConfigurationList = F1E8AE5718C0AD7800E494F3 /* Build configuration list for PBXNativeTarget "TTPAutoCompleteViewTests" */;
			buildPhases = (
				F1E8AE3F18C0AD7800E494F3 /* Sources */,
				F1E8AE4018C0AD7800E494F3 /* Frameworks */,
				F1E8AE4118C0AD7800E494F3 /* Resources */,
			);
			buildRules = (
			);
			dependencies = (
				F1E8AE4918C0AD7800E494F3 /* PBXTargetDependency */,
			);
			name = TTPAutoCompleteViewTests;
			productName = TTPAutoCompleteViewTests;
			productReference = F1E8AE4318C0AD7800E494F3 /* TTPAutoCompleteViewTests.xctest */;
			productType = "com.apple.product-type.bundle.unit-test";
		};
/* End PBXNativeTarget section */

/* Begin PBXProject section */
		F1E8AE1718C0AD7700E494F3 /* Project object */ = {
			isa = PBXProject;
			attributes = {
				LastUpgradeCheck = 0500;
				TargetAttributes = {
					F1E8AE4218C0AD7800E494F3 = {
						TestTargetID = F1E8AE1E18C0AD7700E494F3;
					};
				};
			};
			buildConfigurationList = F1E8AE1A18C0AD7700E494F3 /* Build configuration list for PBXProject "TTPAutoCompleteView" */;
			compatibilityVersion = "Xcode 3.2";
			developmentRegion = English;
			hasScannedForEncodings = 0;
			knownRegions = (
				en,
				Base,
			);
			mainGroup = F1E8AE1618C0AD7700E494F3;
			productRefGroup = F1E8AE2018C0AD7700E494F3 /* Products */;
			projectDirPath = "";
			projectRoot = "";
			targets = (
				F1E8AE1E18C0AD7700E494F3 /* TTPAutoCompleteView */,
				F1E8AE4218C0AD7800E494F3 /* TTPAutoCompleteViewTests */,
			);
		};
/* End PBXProject section */

/* Begin PBXResourcesBuildPhase section */
		F1E8AE1D18C0AD7700E494F3 /* Resources */ = {
			isa = PBXResourcesBuildPhase;
			buildActionMask = 2147483647;
			files = (
				F1E8AE3918C0AD7800E494F3 /* Main_iPad.storyboard in Resources */,
				F1E8AE3E18C0AD7800E494F3 /* Images.xcassets in Resources */,
				F1E8AE3618C0AD7800E494F3 /* Main_iPhone.storyboard in Resources */,
				F1E8AE2D18C0AD7800E494F3 /* InfoPlist.strings in Resources */,
			);
			runOnlyForDeploymentPostprocessing = 0;
		};
		F1E8AE4118C0AD7800E494F3 /* Resources */ = {
			isa = PBXResourcesBuildPhase;
			buildActionMask = 2147483647;
			files = (
				F1E8AE4F18C0AD7800E494F3 /* InfoPlist.strings in Resources */,
			);
			runOnlyForDeploymentPostprocessing = 0;
		};
/* End PBXResourcesBuildPhase section */

/* Begin PBXSourcesBuildPhase section */
		F1E8AE1B18C0AD7700E494F3 /* Sources */ = {
			isa = PBXSourcesBuildPhase;
			buildActionMask = 2147483647;
			files = (
				F1E8AE3C18C0AD7800E494F3 /* ViewController.m in Sources */,
				F1E8AE3318C0AD7800E494F3 /* AppDelegate.m in Sources */,
				F1E8AE2F18C0AD7800E494F3 /* main.m in Sources */,
			);
			runOnlyForDeploymentPostprocessing = 0;
		};
		F1E8AE3F18C0AD7800E494F3 /* Sources */ = {
			isa = PBXSourcesBuildPhase;
			buildActionMask = 2147483647;
			files = (
				F1E8AE5118C0AD7800E494F3 /* TTPAutoCompleteViewTests.m in Sources */,
			);
			runOnlyForDeploymentPostprocessing = 0;
		};
/* End PBXSourcesBuildPhase section */

/* Begin PBXTargetDependency section */
		F1E8AE4918C0AD7800E494F3 /* PBXTargetDependency */ = {
			isa = PBXTargetDependency;
			target = F1E8AE1E18C0AD7700E494F3 /* TTPAutoCompleteView */;
			targetProxy = F1E8AE4818C0AD7800E494F3 /* PBXContainerItemProxy */;
		};
/* End PBXTargetDependency section */

/* Begin PBXVariantGroup section */
		F1E8AE2B18C0AD7800E494F3 /* InfoPlist.strings */ = {
			isa = PBXVariantGroup;
			children = (
				F1E8AE2C18C0AD7800E494F3 /* en */,
			);
			name = InfoPlist.strings;
			sourceTree = "<group>";
		};
		F1E8AE3418C0AD7800E494F3 /* Main_iPhone.storyboard */ = {
			isa = PBXVariantGroup;
			children = (
				F1E8AE3518C0AD7800E494F3 /* Base */,
			);
			name = Main_iPhone.storyboard;
			sourceTree = "<group>";
		};
		F1E8AE3718C0AD7800E494F3 /* Main_iPad.storyboard */ = {
			isa = PBXVariantGroup;
			children = (
				F1E8AE3818C0AD7800E494F3 /* Base */,
			);
			name = Main_iPad.storyboard;
			sourceTree = "<group>";
		};
		F1E8AE4D18C0AD7800E494F3 /* InfoPlist.strings */ = {
			isa = PBXVariantGroup;
			children = (
				F1E8AE4E18C0AD7800E494F3 /* en */,
			);
			name = InfoPlist.strings;
			sourceTree = "<group>";
		};
/* End PBXVariantGroup section */

/* Begin XCBuildConfiguration section */
		F1E8AE5218C0AD7800E494F3 /* Debug */ = {
			isa = XCBuildConfiguration;
			buildSettings = {
				ALWAYS_SEARCH_USER_PATHS = NO;
				ARCHS = "$(ARCHS_STANDARD_INCLUDING_64_BIT)";
				CLANG_CXX_LANGUAGE_STANDARD = "gnu++0x";
				CLANG_CXX_LIBRARY = "libc++";
				CLANG_ENABLE_MODULES = YES;
				CLANG_ENABLE_OBJC_ARC = YES;
				CLANG_WARN_BOOL_CONVERSION = YES;
				CLANG_WARN_CONSTANT_CONVERSION = YES;
				CLANG_WARN_DIRECT_OBJC_ISA_USAGE = YES_ERROR;
				CLANG_WARN_EMPTY_BODY = YES;
				CLANG_WARN_ENUM_CONVERSION = YES;
				CLANG_WARN_INT_CONVERSION = YES;
				CLANG_WARN_OBJC_ROOT_CLASS = YES_ERROR;
				CLANG_WARN__DUPLICATE_METHOD_MATCH = YES;
				"CODE_SIGN_IDENTITY[sdk=iphoneos*]" = "iPhone Developer";
				COPY_PHASE_STRIP = NO;
				GCC_C_LANGUAGE_STANDARD = gnu99;
				GCC_DYNAMIC_NO_PIC = NO;
				GCC_OPTIMIZATION_LEVEL = 0;
				GCC_PREPROCESSOR_DEFINITIONS = (
					"DEBUG=1",
					"$(inherited)",
				);
				GCC_SYMBOLS_PRIVATE_EXTERN = NO;
				GCC_WARN_64_TO_32_BIT_CONVERSION = YES;
				GCC_WARN_ABOUT_RETURN_TYPE = YES_ERROR;
				GCC_WARN_UNDECLARED_SELECTOR = YES;
				GCC_WARN_UNINITIALIZED_AUTOS = YES;
				GCC_WARN_UNUSED_FUNCTION = YES;
				GCC_WARN_UNUSED_VARIABLE = YES;
				IPHONEOS_DEPLOYMENT_TARGET = 7.0;
				ONLY_ACTIVE_ARCH = YES;
				SDKROOT = iphoneos;
				TARGETED_DEVICE_FAMILY = "1,2";
			};
			name = Debug;
		};
		F1E8AE5318C0AD7800E494F3 /* Release */ = {
			isa = XCBuildConfiguration;
			buildSettings = {
				ALWAYS_SEARCH_USER_PATHS = NO;
				ARCHS = "$(ARCHS_STANDARD_INCLUDING_64_BIT)";
				CLANG_CXX_LANGUAGE_STANDARD = "gnu++0x";
				CLANG_CXX_LIBRARY = "libc++";
				CLANG_ENABLE_MODULES = YES;
				CLANG_ENABLE_OBJC_ARC = YES;
				CLANG_WARN_BOOL_CONVERSION = YES;
				CLANG_WARN_CONSTANT_CONVERSION = YES;
				CLANG_WARN_DIRECT_OBJC_ISA_USAGE = YES_ERROR;
				CLANG_WARN_EMPTY_BODY = YES;
				CLANG_WARN_ENUM_CONVERSION = YES;
				CLANG_WARN_INT_CONVERSION = YES;
				CLANG_WARN_OBJC_ROOT_CLASS = YES_ERROR;
				CLANG_WARN__DUPLICATE_METHOD_MATCH = YES;
				"CODE_SIGN_IDENTITY[sdk=iphoneos*]" = "iPhone Developer";
				COPY_PHASE_STRIP = YES;
				ENABLE_NS_ASSERTIONS = NO;
				GCC_C_LANGUAGE_STANDARD = gnu99;
				GCC_WARN_64_TO_32_BIT_CONVERSION = YES;
				GCC_WARN_ABOUT_RETURN_TYPE = YES_ERROR;
				GCC_WARN_UNDECLARED_SELECTOR = YES;
				GCC_WARN_UNINITIALIZED_AUTOS = YES;
				GCC_WARN_UNUSED_FUNCTION = YES;
				GCC_WARN_UNUSED_VARIABLE = YES;
				IPHONEOS_DEPLOYMENT_TARGET = 7.0;
				SDKROOT = iphoneos;
				TARGETED_DEVICE_FAMILY = "1,2";
				VALIDATE_PRODUCT = YES;
			};
			name = Release;
		};
		F1E8AE5518C0AD7800E494F3 /* Debug */ = {
			isa = XCBuildConfiguration;
			buildSettings = {
				ASSETCATALOG_COMPILER_APPICON_NAME = AppIcon;
				ASSETCATALOG_COMPILER_LAUNCHIMAGE_NAME = LaunchImage;
				GCC_PRECOMPILE_PREFIX_HEADER = YES;
				GCC_PREFIX_HEADER = "TTPAutoCompleteView/TTPAutoCompleteView-Prefix.pch";
				INFOPLIST_FILE = "TTPAutoCompleteView/TTPAutoCompleteView-Info.plist";
				PRODUCT_NAME = "$(TARGET_NAME)";
				WRAPPER_EXTENSION = app;
			};
			name = Debug;
		};
		F1E8AE5618C0AD7800E494F3 /* Release */ = {
			isa = XCBuildConfiguration;
			buildSettings = {
				ASSETCATALOG_COMPILER_APPICON_NAME = AppIcon;
				ASSETCATALOG_COMPILER_LAUNCHIMAGE_NAME = LaunchImage;
				GCC_PRECOMPILE_PREFIX_HEADER = YES;
				GCC_PREFIX_HEADER = "TTPAutoCompleteView/TTPAutoCompleteView-Prefix.pch";
				INFOPLIST_FILE = "TTPAutoCompleteView/TTPAutoCompleteView-Info.plist";
				PRODUCT_NAME = "$(TARGET_NAME)";
				WRAPPER_EXTENSION = app;
			};
			name = Release;
		};
		F1E8AE5818C0AD7800E494F3 /* Debug */ = {
			isa = XCBuildConfiguration;
			buildSettings = {
				ARCHS = "$(ARCHS_STANDARD_INCLUDING_64_BIT)";
				BUNDLE_LOADER = "$(BUILT_PRODUCTS_DIR)/TTPAutoCompleteView.app/TTPAutoCompleteView";
				FRAMEWORK_SEARCH_PATHS = (
					"$(SDKROOT)/Developer/Library/Frameworks",
					"$(inherited)",
					"$(DEVELOPER_FRAMEWORKS_DIR)",
				);
				GCC_PRECOMPILE_PREFIX_HEADER = YES;
				GCC_PREFIX_HEADER = "TTPAutoCompleteView/TTPAutoCompleteView-Prefix.pch";
				GCC_PREPROCESSOR_DEFINITIONS = (
					"DEBUG=1",
					"$(inherited)",
				);
				INFOPLIST_FILE = "TTPAutoCompleteViewTests/TTPAutoCompleteViewTests-Info.plist";
				PRODUCT_NAME = "$(TARGET_NAME)";
				TEST_HOST = "$(BUNDLE_LOADER)";
				WRAPPER_EXTENSION = xctest;
			};
			name = Debug;
		};
		F1E8AE5918C0AD7800E494F3 /* Release */ = {
			isa = XCBuildConfiguration;
			buildSettings = {
				ARCHS = "$(ARCHS_STANDARD_INCLUDING_64_BIT)";
				BUNDLE_LOADER = "$(BUILT_PRODUCTS_DIR)/TTPAutoCompleteView.app/TTPAutoCompleteView";
				FRAMEWORK_SEARCH_PATHS = (
					"$(SDKROOT)/Developer/Library/Frameworks",
					"$(inherited)",
					"$(DEVELOPER_FRAMEWORKS_DIR)",
				);
				GCC_PRECOMPILE_PREFIX_HEADER = YES;
				GCC_PREFIX_HEADER = "TTPAutoCompleteView/TTPAutoCompleteView-Prefix.pch";
				INFOPLIST_FILE = "TTPAutoCompleteViewTests/TTPAutoCompleteViewTests-Info.plist";
				PRODUCT_NAME = "$(TARGET_NAME)";
				TEST_HOST = "$(BUNDLE_LOADER)";
				WRAPPER_EXTENSION = xctest;
			};
			name = Release;
		};
/* End XCBuildConfiguration section */

/* Begin XCConfigurationList section */
		F1E8AE1A18C0AD7700E494F3 /* Build configuration list for PBXProject "TTPAutoCompleteView" */ = {
			isa = XCConfigurationList;
			buildConfigurations = (
				F1E8AE5218C0AD7800E494F3 /* Debug */,
				F1E8AE5318C0AD7800E494F3 /* Release */,
			);
			defaultConfigurationIsVisible = 0;
			defaultConfigurationName = Release;
		};
		F1E8AE5418C0AD7800E494F3 /* Build configuration list for PBXNativeTarget "TTPAutoCompleteView" */ = {
			isa = XCConfigurationList;
			buildConfigurations = (
				F1E8AE5518C0AD7800E494F3 /* Debug */,
				F1E8AE5618C0AD7800E494F3 /* Release */,
			);
			defaultConfigurationIsVisible = 0;
		};
		F1E8AE5718C0AD7800E494F3 /* Build configuration list for PBXNativeTarget "TTPAutoCompleteViewTests" */ = {
			isa = XCConfigurationList;
			buildConfigurations = (
				F1E8AE5818C0AD7800E494F3 /* Debug */,
				F1E8AE5918C0AD7800E494F3 /* Release */,
			);
			defaultConfigurationIsVisible = 0;
		};
/* End XCConfigurationList section */
	};
	rootObject = F1E8AE1718C0AD7700E494F3 /* Project object */;
}
